
Microsoft Visual Studio Solution File, Format Version 12.00
# Visual Studio 15
VisualStudioVersion = 15.0.26730.15
MinimumVisualStudioVersion = 10.0.40219.1
Project("{9A19103F-16F7-4668-BE54-9A1E7A4F7556}") = "SlalomTracker", "SlalomTracker\SlalomTracker.csproj", "{4C11A895-1730-4698-B186-250991A34A62}"
EndProject
Project("{FAE04EC0-301F-11D3-BF4B-00C04F79EFBC}") = "SlalomTracker.WindowsUI", "SlalomTracker.WindowsUI\SlalomTracker.WindowsUI.csproj", "{1ADA15B7-1C2A-4F28-B707-41E449AA8164}"
EndProject
Project("{FAE04EC0-301F-11D3-BF4B-00C04F79EFBC}") = "SlalomTracker.Android", "SlalomTracker.Android\SlalomTracker.Android.csproj", "{FB7CAF13-AE6C-4D58-9E95-F836A48F34A1}"
EndProject
Project("{9A19103F-16F7-4668-BE54-9A1E7A4F7556}") = "ImageExtractor", "..\Video\ImageExtractor\ImageExtractor.csproj", "{234DC23E-C557-4B70-BB8D-6050E81AE6B1}"
EndProject
Project("{2150E333-8FDC-42A3-9474-1A3956D46DE8}") = "Solution Items", "Solution Items", "{234B0062-94AD-4383-875C-030F1402F1A8}"
	ProjectSection(SolutionItems) = preProject
		GOPR0403.csv = GOPR0403.csv
	EndProjectSection
EndProject
Project("{9A19103F-16F7-4668-BE54-9A1E7A4F7556}") = "MetadataExtractor", "Video\MetadataExtractor\MetadataExtractor.csproj", "{B97DD507-40F9-4753-A526-5567263B2FE7}"
EndProject
Project("{2150E333-8FDC-42A3-9474-1A3956D46DE8}") = "Video", "Video", "{63297DE1-4DA2-4C19-B837-BF34C7C8B71C}"
EndProject
Project("{9A19103F-16F7-4668-BE54-9A1E7A4F7556}") = "MetadataExtractor.Tests", "Video\MetadataExtractor.Tests\MetadataExtractor.Tests.csproj", "{47BD6450-EAEC-40CC-8D7B-33046CA4C7F9}"
EndProject
Project("{9A19103F-16F7-4668-BE54-9A1E7A4F7556}") = "SlalomTrackerTest", "SlalomTrackerTest\SlalomTrackerTest.csproj", "{336AEC22-4BB4-4B68-90C2-F7771EAA487C}"
EndProject
Global
	GlobalSection(SolutionConfigurationPlatforms) = preSolution
		Debug|Any CPU = Debug|Any CPU
		Release|Any CPU = Release|Any CPU
	EndGlobalSection
	GlobalSection(ProjectConfigurationPlatforms) = postSolution
		{4C11A895-1730-4698-B186-250991A34A62}.Debug|Any CPU.ActiveCfg = Debug|Any CPU
		{4C11A895-1730-4698-B186-250991A34A62}.Debug|Any CPU.Build.0 = Debug|Any CPU
		{4C11A895-1730-4698-B186-250991A34A62}.Release|Any CPU.ActiveCfg = Release|Any CPU
		{4C11A895-1730-4698-B186-250991A34A62}.Release|Any CPU.Build.0 = Release|Any CPU
		{1ADA15B7-1C2A-4F28-B707-41E449AA8164}.Debug|Any CPU.ActiveCfg = Debug|Any CPU
		{1ADA15B7-1C2A-4F28-B707-41E449AA8164}.Debug|Any CPU.Build.0 = Debug|Any CPU
		{1ADA15B7-1C2A-4F28-B707-41E449AA8164}.Release|Any CPU.ActiveCfg = Release|Any CPU
		{1ADA15B7-1C2A-4F28-B707-41E449AA8164}.Release|Any CPU.Build.0 = Release|Any CPU
		{FB7CAF13-AE6C-4D58-9E95-F836A48F34A1}.Debug|Any CPU.ActiveCfg = Debug|Any CPU
		{FB7CAF13-AE6C-4D58-9E95-F836A48F34A1}.Debug|Any CPU.Build.0 = Debug|Any CPU
		{FB7CAF13-AE6C-4D58-9E95-F836A48F34A1}.Debug|Any CPU.Deploy.0 = Debug|Any CPU
		{FB7CAF13-AE6C-4D58-9E95-F836A48F34A1}.Release|Any CPU.ActiveCfg = Release|Any CPU
		{FB7CAF13-AE6C-4D58-9E95-F836A48F34A1}.Release|Any CPU.Build.0 = Release|Any CPU
		{FB7CAF13-AE6C-4D58-9E95-F836A48F34A1}.Release|Any CPU.Deploy.0 = Release|Any CPU
		{234DC23E-C557-4B70-BB8D-6050E81AE6B1}.Debug|Any CPU.ActiveCfg = Debug|Any CPU
		{234DC23E-C557-4B70-BB8D-6050E81AE6B1}.Debug|Any CPU.Build.0 = Debug|Any CPU
		{234DC23E-C557-4B70-BB8D-6050E81AE6B1}.Release|Any CPU.ActiveCfg = Release|Any CPU
		{234DC23E-C557-4B70-BB8D-6050E81AE6B1}.Release|Any CPU.Build.0 = Release|Any CPU
		{B97DD507-40F9-4753-A526-5567263B2FE7}.Debug|Any CPU.ActiveCfg = Debug|Any CPU
		{B97DD507-40F9-4753-A526-5567263B2FE7}.Debug|Any CPU.Build.0 = Debug|Any CPU
		{B97DD507-40F9-4753-A526-5567263B2FE7}.Release|Any CPU.ActiveCfg = Release|Any CPU
		{B97DD507-40F9-4753-A526-5567263B2FE7}.Release|Any CPU.Build.0 = Release|Any CPU
		{47BD6450-EAEC-40CC-8D7B-33046CA4C7F9}.Debug|Any CPU.ActiveCfg = Debug|Any CPU
		{47BD6450-EAEC-40CC-8D7B-33046CA4C7F9}.Debug|Any CPU.Build.0 = Debug|Any CPU
		{47BD6450-EAEC-40CC-8D7B-33046CA4C7F9}.Release|Any CPU.ActiveCfg = Release|Any CPU
		{47BD6450-EAEC-40CC-8D7B-33046CA4C7F9}.Release|Any CPU.Build.0 = Release|Any CPU
		{336AEC22-4BB4-4B68-90C2-F7771EAA487C}.Debug|Any CPU.ActiveCfg = Debug|Any CPU
		{336AEC22-4BB4-4B68-90C2-F7771EAA487C}.Debug|Any CPU.Build.0 = Debug|Any CPU
		{336AEC22-4BB4-4B68-90C2-F7771EAA487C}.Release|Any CPU.ActiveCfg = Release|Any CPU
		{336AEC22-4BB4-4B68-90C2-F7771EAA487C}.Release|Any CPU.Build.0 = Release|Any CPU
	EndGlobalSection
	GlobalSection(SolutionProperties) = preSolution
		HideSolutionNode = FALSE
	EndGlobalSection
	GlobalSection(NestedProjects) = preSolution
		{B97DD507-40F9-4753-A526-5567263B2FE7} = {63297DE1-4DA2-4C19-B837-BF34C7C8B71C}
		{47BD6450-EAEC-40CC-8D7B-33046CA4C7F9} = {63297DE1-4DA2-4C19-B837-BF34C7C8B71C}
	EndGlobalSection
	GlobalSection(ExtensibilityGlobals) = postSolution
		SolutionGuid = {58ADB923-61B4-4319-ACCB-1CA63C75565D}
	EndGlobalSection
EndGlobal
