
Microsoft Visual Studio Solution File, Format Version 12.00
# Visual Studio 15
VisualStudioVersion = 15.0.26730.15
MinimumVisualStudioVersion = 10.0.40219.1
Project("{9A19103F-16F7-4668-BE54-9A1E7A4F7556}") = "SlalomTracker", "SlalomTracker\SlalomTracker.csproj", "{4C11A895-1730-4698-B186-250991A34A62}"
EndProject
Project("{FAE04EC0-301F-11D3-BF4B-00C04F79EFBC}") = "SlalomTrackerTest", "SlalomTrackerTest\SlalomTrackerTest.csproj", "{034B0B40-89D9-41A2-9365-7899599565D8}"
EndProject
Project("{FAE04EC0-301F-11D3-BF4B-00C04F79EFBC}") = "SlalomTracker.WindowsUI", "SlalomTracker.WindowsUI\SlalomTracker.WindowsUI.csproj", "{1ADA15B7-1C2A-4F28-B707-41E449AA8164}"
EndProject
Global
	GlobalSection(SolutionConfigurationPlatforms) = preSolution
		Debug|Any CPU = Debug|Any CPU
		Release|Any CPU = Release|Any CPU
	EndGlobalSection
	GlobalSection(ProjectConfigurationPlatforms) = postSolution
		{4C11A895-1730-4698-B186-250991A34A62}.Debug|Any CPU.ActiveCfg = Debug|Any CPU
		{4C11A895-1730-4698-B186-250991A34A62}.Debug|Any CPU.Build.0 = Debug|Any CPU
		{4C11A895-1730-4698-B186-250991A34A62}.Release|Any CPU.ActiveCfg = Release|Any CPU
		{4C11A895-1730-4698-B186-250991A34A62}.Release|Any CPU.Build.0 = Release|Any CPU
		{034B0B40-89D9-41A2-9365-7899599565D8}.Debug|Any CPU.ActiveCfg = Debug|Any CPU
		{034B0B40-89D9-41A2-9365-7899599565D8}.Debug|Any CPU.Build.0 = Debug|Any CPU
		{034B0B40-89D9-41A2-9365-7899599565D8}.Release|Any CPU.ActiveCfg = Release|Any CPU
		{034B0B40-89D9-41A2-9365-7899599565D8}.Release|Any CPU.Build.0 = Release|Any CPU
		{1ADA15B7-1C2A-4F28-B707-41E449AA8164}.Debug|Any CPU.ActiveCfg = Debug|Any CPU
		{1ADA15B7-1C2A-4F28-B707-41E449AA8164}.Debug|Any CPU.Build.0 = Debug|Any CPU
		{1ADA15B7-1C2A-4F28-B707-41E449AA8164}.Release|Any CPU.ActiveCfg = Release|Any CPU
		{1ADA15B7-1C2A-4F28-B707-41E449AA8164}.Release|Any CPU.Build.0 = Release|Any CPU
	EndGlobalSection
	GlobalSection(SolutionProperties) = preSolution
		HideSolutionNode = FALSE
	EndGlobalSection
	GlobalSection(ExtensibilityGlobals) = postSolution
		SolutionGuid = {58ADB923-61B4-4319-ACCB-1CA63C75565D}
	EndGlobalSection
EndGlobal
